
Microsoft Visual Studio Solution File, Format Version 12.00
# Visual Studio Version 17
VisualStudioVersion = 17.7.34031.279
MinimumVisualStudioVersion = 10.0.40219.1
Project("{9A19103F-16F7-4668-BE54-9A1E7A4F7556}") = "Geared-Finance-API", "Geared-Finance-API.csproj", "{4F13D428-DA4D-4962-B816-9C605BF102D4}"
EndProject
Project("{9A19103F-16F7-4668-BE54-9A1E7A4F7556}") = "Service", "..\Service\Service.csproj", "{B210623D-45B8-45C8-AFA0-69BAAECD4FBC}"
EndProject
Project("{9A19103F-16F7-4668-BE54-9A1E7A4F7556}") = "Repository", "..\Repository\Repository.csproj", "{296B401F-B7FB-47B2-BC51-D52B3C0BD15F}"
EndProject
Project("{9A19103F-16F7-4668-BE54-9A1E7A4F7556}") = "Entities", "..\Entities\Entities.csproj", "{FF29C861-278C-41D0-A6B5-5A12400B9085}"
EndProject
Project("{FAE04EC0-301F-11D3-BF4B-00C04F79EFBC}") = "Utilities", "..\Utilities\Utilities.csproj", "{8FC975DB-0C6C-444D-BD29-0CAF21992268}"
EndProject
Global
	GlobalSection(SolutionConfigurationPlatforms) = preSolution
		Debug|Any CPU = Debug|Any CPU
		Release|Any CPU = Release|Any CPU
	EndGlobalSection
	GlobalSection(ProjectConfigurationPlatforms) = postSolution
		{4F13D428-DA4D-4962-B816-9C605BF102D4}.Debug|Any CPU.ActiveCfg = Debug|Any CPU
		{4F13D428-DA4D-4962-B816-9C605BF102D4}.Debug|Any CPU.Build.0 = Debug|Any CPU
		{4F13D428-DA4D-4962-B816-9C605BF102D4}.Release|Any CPU.ActiveCfg = Release|Any CPU
		{4F13D428-DA4D-4962-B816-9C605BF102D4}.Release|Any CPU.Build.0 = Release|Any CPU
		{B210623D-45B8-45C8-AFA0-69BAAECD4FBC}.Debug|Any CPU.ActiveCfg = Debug|Any CPU
		{B210623D-45B8-45C8-AFA0-69BAAECD4FBC}.Debug|Any CPU.Build.0 = Debug|Any CPU
		{B210623D-45B8-45C8-AFA0-69BAAECD4FBC}.Release|Any CPU.ActiveCfg = Release|Any CPU
		{B210623D-45B8-45C8-AFA0-69BAAECD4FBC}.Release|Any CPU.Build.0 = Release|Any CPU
		{296B401F-B7FB-47B2-BC51-D52B3C0BD15F}.Debug|Any CPU.ActiveCfg = Debug|Any CPU
		{296B401F-B7FB-47B2-BC51-D52B3C0BD15F}.Debug|Any CPU.Build.0 = Debug|Any CPU
		{296B401F-B7FB-47B2-BC51-D52B3C0BD15F}.Release|Any CPU.ActiveCfg = Release|Any CPU
		{296B401F-B7FB-47B2-BC51-D52B3C0BD15F}.Release|Any CPU.Build.0 = Release|Any CPU
		{FF29C861-278C-41D0-A6B5-5A12400B9085}.Debug|Any CPU.ActiveCfg = Debug|Any CPU
		{FF29C861-278C-41D0-A6B5-5A12400B9085}.Debug|Any CPU.Build.0 = Debug|Any CPU
		{FF29C861-278C-41D0-A6B5-5A12400B9085}.Release|Any CPU.ActiveCfg = Release|Any CPU
		{FF29C861-278C-41D0-A6B5-5A12400B9085}.Release|Any CPU.Build.0 = Release|Any CPU
		{8FC975DB-0C6C-444D-BD29-0CAF21992268}.Debug|Any CPU.ActiveCfg = Debug|Any CPU
		{8FC975DB-0C6C-444D-BD29-0CAF21992268}.Debug|Any CPU.Build.0 = Debug|Any CPU
		{8FC975DB-0C6C-444D-BD29-0CAF21992268}.Release|Any CPU.ActiveCfg = Release|Any CPU
		{8FC975DB-0C6C-444D-BD29-0CAF21992268}.Release|Any CPU.Build.0 = Release|Any CPU
	EndGlobalSection
	GlobalSection(SolutionProperties) = preSolution
		HideSolutionNode = FALSE
	EndGlobalSection
	GlobalSection(ExtensibilityGlobals) = postSolution
		SolutionGuid = {DDA199B9-B9E3-4A1A-A6E3-7BD7B58552E9}
	EndGlobalSection
EndGlobal
